
Microsoft Visual Studio Solution File, Format Version 12.00
# Visual Studio Version 17
VisualStudioVersion = 17.5.33414.496
MinimumVisualStudioVersion = 10.0.40219.1
Project("{FAE04EC0-301F-11D3-BF4B-00C04F79EFBC}") = "Astronomy", "Astronomy\Astronomy.csproj", "{369EA21A-E21A-4782-8595-6F867A13FE59}"
EndProject
Global
	GlobalSection(SolutionConfigurationPlatforms) = preSolution
		Debug|Any CPU = Debug|Any CPU
		Release|Any CPU = Release|Any CPU
	EndGlobalSection
	GlobalSection(ProjectConfigurationPlatforms) = postSolution
		{369EA21A-E21A-4782-8595-6F867A13FE59}.Debug|Any CPU.ActiveCfg = Debug|Any CPU
		{369EA21A-E21A-4782-8595-6F867A13FE59}.Debug|Any CPU.Build.0 = Debug|Any CPU
		{369EA21A-E21A-4782-8595-6F867A13FE59}.Release|Any CPU.ActiveCfg = Release|Any CPU
		{369EA21A-E21A-4782-8595-6F867A13FE59}.Release|Any CPU.Build.0 = Release|Any CPU
	EndGlobalSection
	GlobalSection(SolutionProperties) = preSolution
		HideSolutionNode = FALSE
	EndGlobalSection
	GlobalSection(ExtensibilityGlobals) = postSolution
		SolutionGuid = {2C40787F-464B-4A87-9773-06F93BC19AC1}
	EndGlobalSection
EndGlobal
