
Microsoft Visual Studio Solution File, Format Version 12.00
# Visual Studio Version 17
VisualStudioVersion = 17.5.33414.496
MinimumVisualStudioVersion = 10.0.40219.1
Project("{FAE04EC0-301F-11D3-BF4B-00C04F79EFBC}") = "WinFormsApp1", "WinFormsApp1\WinFormsApp1.csproj", "{3E7BC55E-13E9-4884-B2AA-99B1664D2B3E}"
EndProject
Global
	GlobalSection(SolutionConfigurationPlatforms) = preSolution
		Debug|Any CPU = Debug|Any CPU
		Release|Any CPU = Release|Any CPU
	EndGlobalSection
	GlobalSection(ProjectConfigurationPlatforms) = postSolution
		{3E7BC55E-13E9-4884-B2AA-99B1664D2B3E}.Debug|Any CPU.ActiveCfg = Debug|Any CPU
		{3E7BC55E-13E9-4884-B2AA-99B1664D2B3E}.Debug|Any CPU.Build.0 = Debug|Any CPU
		{3E7BC55E-13E9-4884-B2AA-99B1664D2B3E}.Release|Any CPU.ActiveCfg = Release|Any CPU
		{3E7BC55E-13E9-4884-B2AA-99B1664D2B3E}.Release|Any CPU.Build.0 = Release|Any CPU
	EndGlobalSection
	GlobalSection(SolutionProperties) = preSolution
		HideSolutionNode = FALSE
	EndGlobalSection
	GlobalSection(ExtensibilityGlobals) = postSolution
		SolutionGuid = {FBA3989B-B0D9-491B-BE65-98C4384EE77D}
	EndGlobalSection
EndGlobal
