
Microsoft Visual Studio Solution File, Format Version 12.00
# Visual Studio Version 17
VisualStudioVersion = 17.5.33414.496
MinimumVisualStudioVersion = 10.0.40219.1
Project("{9A19103F-16F7-4668-BE54-9A1E7A4F7556}") = "Solsystem1", "Solsystem1\Solsystem1.csproj", "{22CEEA4D-9628-4095-B2CD-60F728FAA5BC}"
EndProject
Project("{FAE04EC0-301F-11D3-BF4B-00C04F79EFBC}") = "SolsystemMain", "SolsystemMain\SolsystemMain.csproj", "{84F46ED1-D655-4B65-8854-27D96D61CC88}"
EndProject
Global
	GlobalSection(SolutionConfigurationPlatforms) = preSolution
		Debug|Any CPU = Debug|Any CPU
		Release|Any CPU = Release|Any CPU
	EndGlobalSection
	GlobalSection(ProjectConfigurationPlatforms) = postSolution
		{22CEEA4D-9628-4095-B2CD-60F728FAA5BC}.Debug|Any CPU.ActiveCfg = Debug|Any CPU
		{22CEEA4D-9628-4095-B2CD-60F728FAA5BC}.Debug|Any CPU.Build.0 = Debug|Any CPU
		{22CEEA4D-9628-4095-B2CD-60F728FAA5BC}.Release|Any CPU.ActiveCfg = Release|Any CPU
		{22CEEA4D-9628-4095-B2CD-60F728FAA5BC}.Release|Any CPU.Build.0 = Release|Any CPU
		{84F46ED1-D655-4B65-8854-27D96D61CC88}.Debug|Any CPU.ActiveCfg = Debug|Any CPU
		{84F46ED1-D655-4B65-8854-27D96D61CC88}.Debug|Any CPU.Build.0 = Debug|Any CPU
		{84F46ED1-D655-4B65-8854-27D96D61CC88}.Release|Any CPU.ActiveCfg = Release|Any CPU
		{84F46ED1-D655-4B65-8854-27D96D61CC88}.Release|Any CPU.Build.0 = Release|Any CPU
	EndGlobalSection
	GlobalSection(SolutionProperties) = preSolution
		HideSolutionNode = FALSE
	EndGlobalSection
	GlobalSection(ExtensibilityGlobals) = postSolution
		SolutionGuid = {CA0B3569-F702-4816-8AC6-7228762C3F32}
	EndGlobalSection
EndGlobal
